{
  "meteor": {},
  "dependencies": {
    "basePackages": {
      "tutorials": {},
      "iron-router": {}
    },
    "packages": {
      "tutorials": {
        "git": "https://github.com/mizzao/meteor-tutorials.git",
        "tag": "v0.3.0",
        "commit": "67b6519a8fc0889310c17605dee8225b76caf96f"
      },
      "iron-router": {
        "git": "https://github.com/EventedMind/iron-router.git",
        "tag": "v0.6.1",
        "commit": "4e1ee0581d68bff422a915dacb0bd30eae10fe08"
      },
      "bootboxjs": {
        "git": "https://github.com/TimHeckel/meteor-bootboxjs.git",
        "tag": "v3.2.2",
        "commit": "580adfebfa12b4d2186a80cec1109dab74ad6228"
      },
      "jqueryui": {
        "git": "https://github.com/mizzao/meteor-jqueryui.git",
        "tag": "v1.10.3",
        "commit": "c1c44a17c2e2d92e206dc4ecbaad0b83272de85c"
      }
    }
  }
}
